lockfileVersion: '9.0'

settings:
  autoInstallPeers: true
  excludeLinksFromLockfile: false

importers:

  .:
    dependencies:
      masonic:
        specifier: ^4.1.0
        version: 4.1.0(react@19.2.4)
      react:
        specifier: ^19.2.3
        version: 19.2.4
      react-dom:
        specifier: ^19.2.3
        version: 19.2.4(react@19.2.4)
      react-masonry-css:
        specifier: ^1.0.16
        version: 1.0.16(react@19.2.4)
      react-tweet:
        specifier: ^3.3.0
        version: 3.3.0(react-dom@19.2.4(react@19.2.4))(react@19.2.4)
    devDependencies:
      '@biomejs/biome':
        specifier: 2.3.8
        version: 2.3.8
      '@rsbuild/core':
        specifier: ^1.7.1
        version: 1.7.3
      '@rsbuild/plugin-react':
        specifier: ^1.4.2
        version: 1.4.5(@rsbuild/core@1.7.3)
      '@types/react':
        specifier: ^19.2.7
        version: 19.2.14
      '@types/react-dom':
        specifier: ^19.2.3
        version: 19.2.3(@types/react@19.2.14)
      feed:
        specifier: ^5.2.0
        version: 5.2.0
      typescript:
        specifier: ^5.9.3
        version: 5.9.3

packages:

  '@biomejs/biome@2.3.8':
    resolution: {integrity: sha512-Qjsgoe6FEBxWAUzwFGFrB+1+M8y/y5kwmg5CHac+GSVOdmOIqsAiXM5QMVGZJ1eCUCLlPZtq4aFAQ0eawEUuUA==}
    engines: {node: '>=14.21.3'}
    hasBin: true

  '@biomejs/cli-darwin-arm64@2.3.8':
    resolution: {integrity: sha512-HM4Zg9CGQ3txTPflxD19n8MFPrmUAjaC7PQdLkugeeC0cQ+PiVrd7i09gaBS/11QKsTDBJhVg85CEIK9f50Qww==}
    engines: {node: '>=14.21.3'}
    cpu: [arm64]
    os: [darwin]

  '@biomejs/cli-darwin-x64@2.3.8':
    resolution: {integrity: sha512-lUDQ03D7y/qEao7RgdjWVGCu+BLYadhKTm40HkpJIi6kn8LSv5PAwRlew/DmwP4YZ9ke9XXoTIQDO1vAnbRZlA==}
    engines: {node: '>=14.21.3'}
    cpu: [x64]
    os: [darwin]

  '@biomejs/cli-linux-arm64-musl@2.3.8':
    resolution: {integrity: sha512-PShR4mM0sjksUMyxbyPNMxoKFPVF48fU8Qe8Sfx6w6F42verbwRLbz+QiKNiDPRJwUoMG1nPM50OBL3aOnTevA==}
    engines: {node: '>=14.21.3'}
    cpu: [arm64]
    os: [linux]
    libc: [musl]

  '@biomejs/cli-linux-arm64@2.3.8':
    resolution: {integrity: sha512-Uo1OJnIkJgSgF+USx970fsM/drtPcQ39I+JO+Fjsaa9ZdCN1oysQmy6oAGbyESlouz+rzEckLTF6DS7cWse95g==}
    engines: {node: '>=14.21.3'}
    cpu: [arm64]
    os: [linux]
    libc: [glibc]

  '@biomejs/cli-linux-x64-musl@2.3.8':
    resolution: {integrity: sha512-YGLkqU91r1276uwSjiUD/xaVikdxgV1QpsicT0bIA1TaieM6E5ibMZeSyjQ/izBn4tKQthUSsVZacmoJfa3pDA==}
    engines: {node: '>=14.21.3'}
    cpu: [x64]
    os: [linux]
    libc: [musl]

  '@biomejs/cli-linux-x64@2.3.8':
    resolution: {integrity: sha512-QDPMD5bQz6qOVb3kiBui0zKZXASLo0NIQ9JVJio5RveBEFgDgsvJFUvZIbMbUZT3T00M/1wdzwWXk4GIh0KaAw==}
    engines: {node: '>=14.21.3'}
    cpu: [x64]
    os: [linux]
    libc: [glibc]

  '@biomejs/cli-win32-arm64@2.3.8':
    resolution: {integrity: sha512-H4IoCHvL1fXKDrTALeTKMiE7GGWFAraDwBYFquE/L/5r1927Te0mYIGseXi4F+lrrwhSWbSGt5qPFswNoBaCxg==}
    engines: {node: '>=14.21.3'}
    cpu: [arm64]
    os: [win32]

  '@biomejs/cli-win32-x64@2.3.8':
    resolution: {integrity: sha512-RguzimPoZWtBapfKhKjcWXBVI91tiSprqdBYu7tWhgN8pKRZhw24rFeNZTNf6UiBfjCYCi9eFQs/JzJZIhuK4w==}
    engines: {node: '>=14.21.3'}
    cpu: [x64]
    os: [win32]

  '@emnapi/core@1.8.1':
    resolution: {integrity: sha512-AvT9QFpxK0Zd8J0jopedNm+w/2fIzvtPKPjqyw9jwvBaReTTqPBk9Hixaz7KbjimP+QNz605/XnjFcDAL2pqBg==}

  '@emnapi/runtime@1.8.1':
    resolution: {integrity: sha512-mehfKSMWjjNol8659Z8KxEMrdSJDDot5SXMq00dM8BN4o+CLNXQ0xH2V7EchNHV4RmbZLmmPdEaXZc5H2FXmDg==}

  '@emnapi/wasi-threads@1.1.0':
    resolution: {integrity: sha512-WI0DdZ8xFSbgMjR1sFsKABJ/C5OnRrjT06JXbZKexJGrDuPTzZdDYfFlsgcCXCyf+suG5QU2e/y1Wo2V/OapLQ==}

  '@essentials/memoize-one@1.1.0':
    resolution: {integrity: sha512-HMkuIkKNe0EWSUpZhlaq9+5Yp47YhrMhxLMnXTRnEyE5N4xKLspAvMGjUFdi794VnEF1EcOZFS8rdROeujrgag==}

  '@essentials/one-key-map@1.2.0':
    resolution: {integrity: sha512-C2H7zHVcsoipDv4VKY5uUcv5ilsK+uEgEj+WeOdN5oz/Qj1/OZIzCdle90gDzj0xnGQrmZ9qDujwD7AkBb5k9A==}

  '@essentials/raf@1.2.0':
    resolution: {integrity: sha512-AWJvpprE2o7ATMb7HBYMVUVmPJBCt2wZp2rY7d+rAcNSMvzLbDepy9KFeqqrPZh+s9aIpbw1LgmuAW7kuRFgrQ==}

  '@essentials/request-timeout@1.3.0':
    resolution: {integrity: sha512-lKZPhKScNFnR1MBnk4+sxshk46fpvdN+Uh1LlKWFO5g1ocuz4EcknNIL7tm/rsCAs/+xMWiBTwbDUvm+pDNlXw==}

  '@module-federation/error-codes@0.22.0':
    resolution: {integrity: sha512-xF9SjnEy7vTdx+xekjPCV5cIHOGCkdn3pIxo9vU7gEZMIw0SvAEdsy6Uh17xaCpm8V0FWvR0SZoK9Ik6jGOaug==}

  '@module-federation/runtime-core@0.22.0':
    resolution: {integrity: sha512-GR1TcD6/s7zqItfhC87zAp30PqzvceoeDGYTgF3Vx2TXvsfDrhP6Qw9T4vudDQL3uJRne6t7CzdT29YyVxlgIA==}

  '@module-federation/runtime-tools@0.22.0':
    resolution: {integrity: sha512-4ScUJ/aUfEernb+4PbLdhM/c60VHl698Gn1gY21m9vyC1Ucn69fPCA1y2EwcCB7IItseRMoNhdcWQnzt/OPCNA==}

  '@module-federation/runtime@0.22.0':
    resolution: {integrity: sha512-38g5iPju2tPC3KHMPxRKmy4k4onNp6ypFPS1eKGsNLUkXgHsPMBFqAjDw96iEcjri91BrahG4XcdyKi97xZzlA==}

  '@module-federation/sdk@0.22.0':
    resolution: {integrity: sha512-x4aFNBKn2KVQRuNVC5A7SnrSCSqyfIWmm1DvubjbO9iKFe7ith5niw8dqSFBekYBg2Fwy+eMg4sEFNVvCAdo6g==}

  '@module-federation/webpack-bundler-runtime@0.22.0':
    resolution: {integrity: sha512-aM8gCqXu+/4wBmJtVeMeeMN5guw3chf+2i6HajKtQv7SJfxV/f4IyNQJUeUQu9HfiAZHjqtMV5Lvq/Lvh8LdyA==}

  '@napi-rs/wasm-runtime@1.0.7':
    resolution: {integrity: sha512-SeDnOO0Tk7Okiq6DbXmmBODgOAb9dp9gjlphokTUxmt8U3liIP1ZsozBahH69j/RJv+Rfs6IwUKHTgQYJ/HBAw==}

  '@react-hook/debounce@3.0.0':
    resolution: {integrity: sha512-ir/kPrSfAzY12Gre0sOHkZ2rkEmM4fS5M5zFxCi4BnCeXh2nvx9Ujd+U4IGpKCuPA+EQD0pg1eK2NGLvfWejag==}
    peerDependencies:
      react: '>=16.8'

  '@react-hook/event@1.2.6':
    resolution: {integrity: sha512-JUL5IluaOdn5w5Afpe/puPa1rj8X6udMlQ9dt4hvMuKmTrBS1Ya6sb4sVgvfe2eU4yDuOfAhik8xhbcCekbg9Q==}
    peerDependencies:
      react: '>=16.8'

  '@react-hook/latest@1.0.3':
    resolution: {integrity: sha512-dy6duzl+JnAZcDbNTfmaP3xHiKtbXYOaz3G51MGVljh548Y8MWzTr+PHLOfvpypEVW9zwvl+VyKjbWKEVbV1Rg==}
    peerDependencies:
      react: '>=16.8'

  '@react-hook/passive-layout-effect@1.2.1':
    resolution: {integrity: sha512-IwEphTD75liO8g+6taS+4oqz+nnroocNfWVHWz7j+N+ZO2vYrc6PV1q7GQhuahL0IOR7JccFTsFKQ/mb6iZWAg==}
    peerDependencies:
      react: '>=16.8'

  '@react-hook/throttle@2.2.0':
    resolution: {integrity: sha512-LJ5eg+yMV8lXtqK3lR+OtOZ2WH/EfWvuiEEu0M3bhR7dZRfTyEJKxH1oK9uyBxiXPtWXiQggWbZirMCXam51tg==}
    peerDependencies:
      react: '>=16.8'

  '@react-hook/window-scroll@1.3.0':
    resolution: {integrity: sha512-LdYnCL22pFI+LTs85Fi2OQHSKWkzIuHFgv8lA+wwuaPxLOEhWR5bzJ21iygUH9X4meeLVRZKEbfpYi3OWWD4GQ==}
    peerDependencies:
      react: '>=16.8'

  '@react-hook/window-size@3.1.1':
    resolution: {integrity: sha512-yWnVS5LKnOUIrEsI44oz3bIIUYqflamPL27n+k/PC//PsX/YeWBky09oPeAoc9As6jSH16Wgo8plI+ECZaHk3g==}
    peerDependencies:
      react: '>=16.8'

  '@rsbuild/core@1.7.3':
    resolution: {integrity: sha512-kI1oQvCXbQYxUvQPnDLdjSX4gFsbrFNpuUj6jXEJ7IcJ74Q+n4oeFj74/8tKerhxhe0L90m/ZQfzLeN5ORGA9w==}
    engines: {node: '>=18.12.0'}
    hasBin: true

  '@rsbuild/plugin-react@1.4.5':
    resolution: {integrity: sha512-eS2sXCedgGA/7bLu8yVtn48eE/GyPbXx4Q7OcutB01IQ1D2y8WSMBys4nwfrecy19utvw4NPn4gYDy52316+vg==}
    peerDependencies:
      '@rsbuild/core': ^1.0.0 || ^2.0.0-0

  '@rspack/binding-darwin-arm64@1.7.6':
    resolution: {integrity: sha512-NZ9AWtB1COLUX1tA9HQQvWpTy07NSFfKBU8A6ylWd5KH8AePZztpNgLLAVPTuNO4CZXYpwcoclf8jG/luJcQdQ==}
    cpu: [arm64]
    os: [darwin]

  '@rspack/binding-darwin-x64@1.7.6':
    resolution: {integrity: sha512-J2g6xk8ZS7uc024dNTGTHxoFzFovAZIRixUG7PiciLKTMP78svbSSWrmW6N8oAsAkzYfJWwQpVgWfFNRHvYxSw==}
    cpu: [x64]
    os: [darwin]

  '@rspack/binding-linux-arm64-gnu@1.7.6':
    resolution: {integrity: sha512-eQfcsaxhFrv5FmtaA7+O1F9/2yFDNIoPZzV/ZvqvFz5bBXVc4FAm/1fVpBg8Po/kX1h0chBc7Xkpry3cabFW8w==}
    cpu: [arm64]
    os: [linux]
    libc: [glibc]

  '@rspack/binding-linux-arm64-musl@1.7.6':
    resolution: {integrity: sha512-DfQXKiyPIl7i1yECHy4eAkSmlUzzsSAbOjgMuKn7pudsWf483jg0UUYutNgXSlBjc/QSUp7906Cg8oty9OfwPA==}
    cpu: [arm64]
    os: [linux]
    libc: [musl]

  '@rspack/binding-linux-x64-gnu@1.7.6':
    resolution: {integrity: sha512-NdA+2X3lk2GGrMMnTGyYTzM3pn+zNjaqXqlgKmFBXvjfZqzSsKq3pdD1KHZCd5QHN+Fwvoszj0JFsquEVhE1og==}
    cpu: [x64]
    os: [linux]
    libc: [glibc]

  '@rspack/binding-linux-x64-musl@1.7.6':
    resolution: {integrity: sha512-rEy6MHKob02t/77YNgr6dREyJ0e0tv1X6Xsg8Z5E7rPXead06zefUbfazj4RELYySWnM38ovZyJAkPx/gOn3VA==}
    cpu: [x64]
    os: [linux]
    libc: [musl]

  '@rspack/binding-wasm32-wasi@1.7.6':
    resolution: {integrity: sha512-YupOrz0daSG+YBbCIgpDgzfMM38YpChv+afZpaxx5Ml7xPeAZIIdgWmLHnQ2rts73N2M1NspAiBwV00Xx0N4Vg==}
    cpu: [wasm32]

  '@rspack/binding-win32-arm64-msvc@1.7.6':
    resolution: {integrity: sha512-INj7aVXjBvlZ84kEhSK4kJ484ub0i+BzgnjDWOWM1K+eFYDZjLdAsQSS3fGGXwVc3qKbPIssFfnftATDMTEJHQ==}
    cpu: [arm64]
    os: [win32]

  '@rspack/binding-win32-ia32-msvc@1.7.6':
    resolution: {integrity: sha512-lXGvC+z67UMcw58In12h8zCa9IyYRmuptUBMItQJzu+M278aMuD1nETyGLL7e4+OZ2lvrnnBIcjXN1hfw2yRzw==}
    cpu: [ia32]
    os: [win32]

  '@rspack/binding-win32-x64-msvc@1.7.6':
    resolution: {integrity: sha512-zeUxEc0ZaPpmaYlCeWcjSJUPuRRySiSHN23oJ2Xyw0jsQ01Qm4OScPdr0RhEOFuK/UE+ANyRtDo4zJsY52Hadw==}
    cpu: [x64]
    os: [win32]

  '@rspack/binding@1.7.6':
    resolution: {integrity: sha512-/NrEcfo8Gx22hLGysanrV6gHMuqZSxToSci/3M4kzEQtF5cPjfOv5pqeLK/+B6cr56ul/OmE96cCdWcXeVnFjQ==}

  '@rspack/core@1.7.6':
    resolution: {integrity: sha512-Iax6UhrfZqJajA778c1d5DBFbSIqPOSrI34kpNIiNpWd8Jq7mFIa+Z60SQb5ZQDZuUxcCZikjz5BxinFjTkg7Q==}
    engines: {node: '>=18.12.0'}
    peerDependencies:
      '@swc/helpers': '>=0.5.1'
    peerDependenciesMeta:
      '@swc/helpers':
        optional: true

  '@rspack/lite-tapable@1.1.0':
    resolution: {integrity: sha512-E2B0JhYFmVAwdDiG14+DW0Di4Ze4Jg10Pc4/lILUrd5DRCaklduz2OvJ5HYQ6G+hd+WTzqQb3QnDNfK4yvAFYw==}

  '@rspack/plugin-react-refresh@1.6.1':
    resolution: {integrity: sha512-eqqW5645VG3CzGzFgNg5HqNdHVXY+567PGjtDhhrM8t67caxmsSzRmT5qfoEIfBcGgFkH9vEg7kzXwmCYQdQDw==}
    peerDependencies:
      react-refresh: '>=0.10.0 <1.0.0'
      webpack-hot-middleware: 2.x
    peerDependenciesMeta:
      webpack-hot-middleware:
        optional: true

  '@swc/helpers@0.5.19':
    resolution: {integrity: sha512-QamiFeIK3txNjgUTNppE6MiG3p7TdninpZu0E0PbqVh1a9FNLT2FRhisaa4NcaX52XVhA5l7Pk58Ft7Sqi/2sA==}

  '@tybys/wasm-util@0.10.1':
    resolution: {integrity: sha512-9tTaPJLSiejZKx+Bmog4uSubteqTvFrVrURwkmHixBo0G4seD0zUxp98E1DzUBJxLQ3NPwXrGKDiVjwx/DpPsg==}

  '@types/react-dom@19.2.3':
    resolution: {integrity: sha512-jp2L/eY6fn+KgVVQAOqYItbF0VY/YApe5Mz2F0aykSO8gx31bYCZyvSeYxCHKvzHG5eZjc+zyaS5BrBWya2+kQ==}
    peerDependencies:
      '@types/react': ^19.2.0

  '@types/react@19.2.14':
    resolution: {integrity: sha512-ilcTH/UniCkMdtexkoCN0bI7pMcJDvmQFPvuPvmEaYA/NSfFTAgdUSLAoVjaRJm7+6PvcM+q1zYOwS4wTYMF9w==}

  clsx@2.1.1:
    resolution: {integrity: sha512-eYm0QWBtUrBWZWG0d386OGAw16Z995PiOVo2B7bjWSbHedGl5e0ZWaq65kOGgUSNesEIDkB9ISbTg/JK9dhCZA==}
    engines: {node: '>=6'}

  core-js@3.47.0:
    resolution: {integrity: sha512-c3Q2VVkGAUyupsjRnaNX6u8Dq2vAdzm9iuPj5FW0fRxzlxgq9Q39MDq10IvmQSpLgHQNyQzQmOo6bgGHmH3NNg==}

  csstype@3.2.3:
    resolution: {integrity: sha512-z1HGKcYy2xA8AGQfwrn0PAy+PB7X/GSj3UVJW9qKyn43xWa+gl5nXmU4qqLMRzWVLFC8KusUX8T/0kCiOYpAIQ==}

  dequal@2.0.3:
    resolution: {integrity: sha512-0je+qPKHEMohvfRTCEo3CrPG6cAzAYgmzKyxRiYSSDkS6eGJdyVJm7WaYA5ECaAD9wLB2T4EEeymA5aFVcYXCA==}
    engines: {node: '>=6'}

  error-stack-parser@2.1.4:
    resolution: {integrity: sha512-Sk5V6wVazPhq5MhpO+AUxJn5x7XSXGl1R93Vn7i+zS15KDVxQijejNCrz8340/2bgLBjR9GtEG8ZVKONDjcqGQ==}

  feed@5.2.0:
    resolution: {integrity: sha512-hgH6CCb+7+0c8PBlakI2KubG6R+Rb1MhpNcdvqUXZTBwBHf32piwY255diAkAmkGZ6AWlywOU88AkOgP9q8Rdw==}
    engines: {node: '>=20', pnpm: '>=10'}

  html-entities@2.6.0:
    resolution: {integrity: sha512-kig+rMn/QOVRvr7c86gQ8lWXq+Hkv6CbAH1hLu+RG338StTpE8Z0b44SDVaqVu7HGKf27frdmUYEs9hTUX/cLQ==}

  jiti@2.6.1:
    resolution: {integrity: sha512-ekilCSN1jwRvIbgeg/57YFh8qQDNbwDb9xT/qu2DAHbFFZUicIl4ygVaAvzveMhMVr3LnpSKTNnwt8PoOfmKhQ==}
    hasBin: true

  masonic@4.1.0:
    resolution: {integrity: sha512-3RNbAG5qLve7qNtGp1UM/u7vI39jO73ZFHDBAg3xl8AVh7A6Ikx7I7mBeC0NY0h1r1jJn2Wqeol1QMa09MQbyQ==}
    peerDependencies:
      react: '>=16.8'

  raf-schd@4.0.3:
    resolution: {integrity: sha512-tQkJl2GRWh83ui2DiPTJz9wEiMN20syf+5oKfB03yYP7ioZcJwsIK8FjrtLwH1m7C7e+Tt2yYBlrOpdT+dyeIQ==}

  react-dom@19.2.4:
    resolution: {integrity: sha512-AXJdLo8kgMbimY95O2aKQqsz2iWi9jMgKJhRBAxECE4IFxfcazB2LmzloIoibJI3C12IlY20+KFaLv+71bUJeQ==}
    peerDependencies:
      react: ^19.2.4

  react-masonry-css@1.0.16:
    resolution: {integrity: sha512-KSW0hR2VQmltt/qAa3eXOctQDyOu7+ZBevtKgpNDSzT7k5LA/0XntNa9z9HKCdz3QlxmJHglTZ18e4sX4V8zZQ==}
    peerDependencies:
      react: '>=16.0.0'

  react-refresh@0.18.0:
    resolution: {integrity: sha512-QgT5//D3jfjJb6Gsjxv0Slpj23ip+HtOpnNgnb2S5zU3CB26G/IDPGoy4RJB42wzFE46DRsstbW6tKHoKbhAxw==}
    engines: {node: '>=0.10.0'}

  react-tweet@3.3.0:
    resolution: {integrity: sha512-gSIG2169ZK7UH6rBzuU+j1xnQbH3IlOTLEkuGrRiJJTMgETik+h+26yHyyVKrLkzwrOaYPk4K3OtEKycqKgNLw==}
    peerDependencies:
      react: ^18.0.0 || ^19.0.0
      react-dom: ^18.0.0 || ^19.0.0

  react@19.2.4:
    resolution: {integrity: sha512-9nfp2hYpCwOjAN+8TZFGhtWEwgvWHXqESH8qT89AT/lWklpLON22Lc8pEtnpsZz7VmawabSU0gCjnj8aC0euHQ==}
    engines: {node: '>=0.10.0'}

  sax@1.5.0:
    resolution: {integrity: sha512-21IYA3Q5cQf089Z6tgaUTr7lDAyzoTPx5HRtbhsME8Udispad8dC/+sziTNugOEx54ilvatQ9YCzl4KQLPcRHA==}
    engines: {node: '>=11.0.0'}

  scheduler@0.27.0:
    resolution: {integrity: sha512-eNv+WrVbKu1f3vbYJT/xtiF5syA5HPIMtf9IgY/nKg0sWqzAUEvqY/xm7OcZc/qafLx/iO9FgOmeSAp4v5ti/Q==}

  stackframe@1.3.4:
    resolution: {integrity: sha512-oeVtt7eWQS+Na6F//S4kJ2K2VbRlS9D43mAlMyVpVWovy9o+jfgH8O9agzANzaiLjclA0oYzUXEM4PurhSUChw==}

  swr@2.4.0:
    resolution: {integrity: sha512-sUlC20T8EOt1pHmDiqueUWMmRRX03W7w5YxovWX7VR2KHEPCTMly85x05vpkP5i6Bu4h44ePSMD9Tc+G2MItFw==}
    peerDependencies:
      react: ^16.11.0 || ^17.0.0 || ^18.0.0 || ^19.0.0

  trie-memoize@1.2.0:
    resolution: {integrity: sha512-hEDLVEP1FCgaRtt0oZDJdz2lK9uK7WlB7ASswt9U9cqruSNueVigtRGxI97hevKlViqhAcRgNgzuY/m8FCCMcg==}

  tslib@2.8.1:
    resolution: {integrity: sha512-oJFu94HQb+KVduSUQL7wnpmqnfmLsOA/nAh6b6EH0wCEoK0/mPeXU6c3wKDV83MkOuHPRHtSXKKU99IBazS/2w==}

  typescript@5.9.3:
    resolution: {integrity: sha512-jl1vZzPDinLr9eUt3J/t7V6FgNEw9QjvBPdysz9KfQDD41fQrC2Y4vKQdiaUpFT4bXlb1RHhLpp8wtm6M5TgSw==}
    engines: {node: '>=14.17'}
    hasBin: true

  use-sync-external-store@1.6.0:
    resolution: {integrity: sha512-Pp6GSwGP/NrPIrxVFAIkOQeyw8lFenOHijQWkUTrDvrF4ALqylP2C/KCkeS9dpUM3KvYRQhna5vt7IL95+ZQ9w==}
    peerDependencies:
      react: ^16.8.0 || ^17.0.0 || ^18.0.0 || ^19.0.0

  xml-js@1.6.11:
    resolution: {integrity: sha512-7rVi2KMfwfWFl+GpPg6m80IVMWXLRjO+PxTq7V2CDhoGak0wzYzFgUY2m4XJ47OGdXd8eLE8EmwfAmdjw7lC1g==}
    hasBin: true

snapshots:

  '@biomejs/biome@2.3.8':
    optionalDependencies:
      '@biomejs/cli-darwin-arm64': 2.3.8
      '@biomejs/cli-darwin-x64': 2.3.8
      '@biomejs/cli-linux-arm64': 2.3.8
      '@biomejs/cli-linux-arm64-musl': 2.3.8
      '@biomejs/cli-linux-x64': 2.3.8
      '@biomejs/cli-linux-x64-musl': 2.3.8
      '@biomejs/cli-win32-arm64': 2.3.8
      '@biomejs/cli-win32-x64': 2.3.8

  '@biomejs/cli-darwin-arm64@2.3.8':
    optional: true

  '@biomejs/cli-darwin-x64@2.3.8':
    optional: true

  '@biomejs/cli-linux-arm64-musl@2.3.8':
    optional: true

  '@biomejs/cli-linux-arm64@2.3.8':
    optional: true

  '@biomejs/cli-linux-x64-musl@2.3.8':
    optional: true

  '@biomejs/cli-linux-x64@2.3.8':
    optional: true

  '@biomejs/cli-win32-arm64@2.3.8':
    optional: true

  '@biomejs/cli-win32-x64@2.3.8':
    optional: true

  '@emnapi/core@1.8.1':
    dependencies:
      '@emnapi/wasi-threads': 1.1.0
      tslib: 2.8.1
    optional: true

  '@emnapi/runtime@1.8.1':
    dependencies:
      tslib: 2.8.1
    optional: true

  '@emnapi/wasi-threads@1.1.0':
    dependencies:
      tslib: 2.8.1
    optional: true

  '@essentials/memoize-one@1.1.0': {}

  '@essentials/one-key-map@1.2.0': {}

  '@essentials/raf@1.2.0': {}

  '@essentials/request-timeout@1.3.0':
    dependencies:
      '@essentials/raf': 1.2.0

  '@module-federation/error-codes@0.22.0': {}

  '@module-federation/runtime-core@0.22.0':
    dependencies:
      '@module-federation/error-codes': 0.22.0
      '@module-federation/sdk': 0.22.0

  '@module-federation/runtime-tools@0.22.0':
    dependencies:
      '@module-federation/runtime': 0.22.0
      '@module-federation/webpack-bundler-runtime': 0.22.0

  '@module-federation/runtime@0.22.0':
    dependencies:
      '@module-federation/error-codes': 0.22.0
      '@module-federation/runtime-core': 0.22.0
      '@module-federation/sdk': 0.22.0

  '@module-federation/sdk@0.22.0': {}

  '@module-federation/webpack-bundler-runtime@0.22.0':
    dependencies:
      '@module-federation/runtime': 0.22.0
      '@module-federation/sdk': 0.22.0

  '@napi-rs/wasm-runtime@1.0.7':
    dependencies:
      '@emnapi/core': 1.8.1
      '@emnapi/runtime': 1.8.1
      '@tybys/wasm-util': 0.10.1
    optional: true

  '@react-hook/debounce@3.0.0(react@19.2.4)':
    dependencies:
      '@react-hook/latest': 1.0.3(react@19.2.4)
      react: 19.2.4

  '@react-hook/event@1.2.6(react@19.2.4)':
    dependencies:
      react: 19.2.4

  '@react-hook/latest@1.0.3(react@19.2.4)':
    dependencies:
      react: 19.2.4

  '@react-hook/passive-layout-effect@1.2.1(react@19.2.4)':
    dependencies:
      react: 19.2.4

  '@react-hook/throttle@2.2.0(react@19.2.4)':
    dependencies:
      '@react-hook/latest': 1.0.3(react@19.2.4)
      react: 19.2.4

  '@react-hook/window-scroll@1.3.0(react@19.2.4)':
    dependencies:
      '@react-hook/event': 1.2.6(react@19.2.4)
      '@react-hook/throttle': 2.2.0(react@19.2.4)
      react: 19.2.4

  '@react-hook/window-size@3.1.1(react@19.2.4)':
    dependencies:
      '@react-hook/debounce': 3.0.0(react@19.2.4)
      '@react-hook/event': 1.2.6(react@19.2.4)
      '@react-hook/throttle': 2.2.0(react@19.2.4)
      react: 19.2.4

  '@rsbuild/core@1.7.3':
    dependencies:
      '@rspack/core': 1.7.6(@swc/helpers@0.5.19)
      '@rspack/lite-tapable': 1.1.0
      '@swc/helpers': 0.5.19
      core-js: 3.47.0
      jiti: 2.6.1

  '@rsbuild/plugin-react@1.4.5(@rsbuild/core@1.7.3)':
    dependencies:
      '@rsbuild/core': 1.7.3
      '@rspack/plugin-react-refresh': 1.6.1(react-refresh@0.18.0)
      react-refresh: 0.18.0
    transitivePeerDependencies:
      - webpack-hot-middleware

  '@rspack/binding-darwin-arm64@1.7.6':
    optional: true

  '@rspack/binding-darwin-x64@1.7.6':
    optional: true

  '@rspack/binding-linux-arm64-gnu@1.7.6':
    optional: true

  '@rspack/binding-linux-arm64-musl@1.7.6':
    optional: true

  '@rspack/binding-linux-x64-gnu@1.7.6':
    optional: true

  '@rspack/binding-linux-x64-musl@1.7.6':
    optional: true

  '@rspack/binding-wasm32-wasi@1.7.6':
    dependencies:
      '@napi-rs/wasm-runtime': 1.0.7
    optional: true

  '@rspack/binding-win32-arm64-msvc@1.7.6':
    optional: true

  '@rspack/binding-win32-ia32-msvc@1.7.6':
    optional: true

  '@rspack/binding-win32-x64-msvc@1.7.6':
    optional: true

  '@rspack/binding@1.7.6':
    optionalDependencies:
      '@rspack/binding-darwin-arm64': 1.7.6
      '@rspack/binding-darwin-x64': 1.7.6
      '@rspack/binding-linux-arm64-gnu': 1.7.6
      '@rspack/binding-linux-arm64-musl': 1.7.6
      '@rspack/binding-linux-x64-gnu': 1.7.6
      '@rspack/binding-linux-x64-musl': 1.7.6
      '@rspack/binding-wasm32-wasi': 1.7.6
      '@rspack/binding-win32-arm64-msvc': 1.7.6
      '@rspack/binding-win32-ia32-msvc': 1.7.6
      '@rspack/binding-win32-x64-msvc': 1.7.6

  '@rspack/core@1.7.6(@swc/helpers@0.5.19)':
    dependencies:
      '@module-federation/runtime-tools': 0.22.0
      '@rspack/binding': 1.7.6
      '@rspack/lite-tapable': 1.1.0
    optionalDependencies:
      '@swc/helpers': 0.5.19

  '@rspack/lite-tapable@1.1.0': {}

  '@rspack/plugin-react-refresh@1.6.1(react-refresh@0.18.0)':
    dependencies:
      error-stack-parser: 2.1.4
      html-entities: 2.6.0
      react-refresh: 0.18.0

  '@swc/helpers@0.5.19':
    dependencies:
      tslib: 2.8.1

  '@tybys/wasm-util@0.10.1':
    dependencies:
      tslib: 2.8.1
    optional: true

  '@types/react-dom@19.2.3(@types/react@19.2.14)':
    dependencies:
      '@types/react': 19.2.14

  '@types/react@19.2.14':
    dependencies:
      csstype: 3.2.3

  clsx@2.1.1: {}

  core-js@3.47.0: {}

  csstype@3.2.3: {}

  dequal@2.0.3: {}

  error-stack-parser@2.1.4:
    dependencies:
      stackframe: 1.3.4

  feed@5.2.0:
    dependencies:
      xml-js: 1.6.11

  html-entities@2.6.0: {}

  jiti@2.6.1: {}

  masonic@4.1.0(react@19.2.4):
    dependencies:
      '@essentials/memoize-one': 1.1.0
      '@essentials/one-key-map': 1.2.0
      '@essentials/request-timeout': 1.3.0
      '@react-hook/event': 1.2.6(react@19.2.4)
      '@react-hook/latest': 1.0.3(react@19.2.4)
      '@react-hook/passive-layout-effect': 1.2.1(react@19.2.4)
      '@react-hook/throttle': 2.2.0(react@19.2.4)
      '@react-hook/window-scroll': 1.3.0(react@19.2.4)
      '@react-hook/window-size': 3.1.1(react@19.2.4)
      raf-schd: 4.0.3
      react: 19.2.4
      trie-memoize: 1.2.0

  raf-schd@4.0.3: {}

  react-dom@19.2.4(react@19.2.4):
    dependencies:
      react: 19.2.4
      scheduler: 0.27.0

  react-masonry-css@1.0.16(react@19.2.4):
    dependencies:
      react: 19.2.4

  react-refresh@0.18.0: {}

  react-tweet@3.3.0(react-dom@19.2.4(react@19.2.4))(react@19.2.4):
    dependencies:
      '@swc/helpers': 0.5.19
      clsx: 2.1.1
      react: 19.2.4
      react-dom: 19.2.4(react@19.2.4)
      swr: 2.4.0(react@19.2.4)

  react@19.2.4: {}

  sax@1.5.0: {}

  scheduler@0.27.0: {}

  stackframe@1.3.4: {}

  swr@2.4.0(react@19.2.4):
    dependencies:
      dequal: 2.0.3
      react: 19.2.4
      use-sync-external-store: 1.6.0(react@19.2.4)

  trie-memoize@1.2.0: {}

  tslib@2.8.1: {}

  typescript@5.9.3: {}

  use-sync-external-store@1.6.0(react@19.2.4):
    dependencies:
      react: 19.2.4

  xml-js@1.6.11:
    dependencies:
      sax: 1.5.0
